
Microsoft Visual Studio Solution File, Format Version 12.00
# Visual Studio 14
VisualStudioVersion = 14.0.25123.0
MinimumVisualStudioVersion = 10.0.40219.1
Project("{FAE04EC0-301F-11D3-BF4B-00C04F79EFBC}") = "TestNLua", "TestNLua\TestNLua.csproj", "{26D6903B-E778-4449-9C9A-F98DFFEC9101}"
EndProject
Project("{FAE04EC0-301F-11D3-BF4B-00C04F79EFBC}") = "ConsumerProgram", "ConsumerProgram\ConsumerProgram.csproj", "{66BBA902-A50A-4251-A2A4-E43CE3A5A45E}"
EndProject
Project("{FAE04EC0-301F-11D3-BF4B-00C04F79EFBC}") = "ConsumerTests", "ConsumerTests\ConsumerTests.csproj", "{BEFE2679-4CA3-4953-8820-2CAB5B3FF2D1}"
EndProject
Project("{FAE04EC0-301F-11D3-BF4B-00C04F79EFBC}") = "RobotModel", "RobotModel\RobotModel.csproj", "{BA4049B9-FE98-4748-BE9D-6CAF43F7356E}"
EndProject
Global
	GlobalSection(SolutionConfigurationPlatforms) = preSolution
		AppStore|Any CPU = AppStore|Any CPU
		AppStore|iPhone = AppStore|iPhone
		AppStore|iPhoneSimulator = AppStore|iPhoneSimulator
		AppVeyor|Any CPU = AppVeyor|Any CPU
		AppVeyor|iPhone = AppVeyor|iPhone
		AppVeyor|iPhoneSimulator = AppVeyor|iPhoneSimulator
		Debug|Any CPU = Debug|Any CPU
		Debug|iPhone = Debug|iPhone
		Debug|iPhoneSimulator = Debug|iPhoneSimulator
		Release|Any CPU = Release|Any CPU
		Release|iPhone = Release|iPhone
		Release|iPhoneSimulator = Release|iPhoneSimulator
	EndGlobalSection
	GlobalSection(ProjectConfigurationPlatforms) = postSolution
		{26D6903B-E778-4449-9C9A-F98DFFEC9101}.AppStore|Any CPU.ActiveCfg = Release|Any CPU
		{26D6903B-E778-4449-9C9A-F98DFFEC9101}.AppStore|Any CPU.Build.0 = Release|Any CPU
		{26D6903B-E778-4449-9C9A-F98DFFEC9101}.AppStore|iPhone.ActiveCfg = Release|Any CPU
		{26D6903B-E778-4449-9C9A-F98DFFEC9101}.AppStore|iPhone.Build.0 = Release|Any CPU
		{26D6903B-E778-4449-9C9A-F98DFFEC9101}.AppStore|iPhoneSimulator.ActiveCfg = Release|Any CPU
		{26D6903B-E778-4449-9C9A-F98DFFEC9101}.AppStore|iPhoneSimulator.Build.0 = Release|Any CPU
		{26D6903B-E778-4449-9C9A-F98DFFEC9101}.AppVeyor|Any CPU.ActiveCfg = Debug|Any CPU
		{26D6903B-E778-4449-9C9A-F98DFFEC9101}.AppVeyor|Any CPU.Build.0 = Debug|Any CPU
		{26D6903B-E778-4449-9C9A-F98DFFEC9101}.AppVeyor|iPhone.ActiveCfg = Debug|Any CPU
		{26D6903B-E778-4449-9C9A-F98DFFEC9101}.AppVeyor|iPhone.Build.0 = Debug|Any CPU
		{26D6903B-E778-4449-9C9A-F98DFFEC9101}.AppVeyor|iPhoneSimulator.ActiveCfg = Debug|Any CPU
		{26D6903B-E778-4449-9C9A-F98DFFEC9101}.AppVeyor|iPhoneSimulator.Build.0 = Debug|Any CPU
		{26D6903B-E778-4449-9C9A-F98DFFEC9101}.Debug|Any CPU.ActiveCfg = Debug|Any CPU
		{26D6903B-E778-4449-9C9A-F98DFFEC9101}.Debug|Any CPU.Build.0 = Debug|Any CPU
		{26D6903B-E778-4449-9C9A-F98DFFEC9101}.Debug|iPhone.ActiveCfg = Debug|Any CPU
		{26D6903B-E778-4449-9C9A-F98DFFEC9101}.Debug|iPhone.Build.0 = Debug|Any CPU
		{26D6903B-E778-4449-9C9A-F98DFFEC9101}.Debug|iPhoneSimulator.ActiveCfg = Debug|Any CPU
		{26D6903B-E778-4449-9C9A-F98DFFEC9101}.Debug|iPhoneSimulator.Build.0 = Debug|Any CPU
		{26D6903B-E778-4449-9C9A-F98DFFEC9101}.Release|Any CPU.ActiveCfg = Release|Any CPU
		{26D6903B-E778-4449-9C9A-F98DFFEC9101}.Release|Any CPU.Build.0 = Release|Any CPU
		{26D6903B-E778-4449-9C9A-F98DFFEC9101}.Release|iPhone.ActiveCfg = Release|Any CPU
		{26D6903B-E778-4449-9C9A-F98DFFEC9101}.Release|iPhone.Build.0 = Release|Any CPU
		{26D6903B-E778-4449-9C9A-F98DFFEC9101}.Release|iPhoneSimulator.ActiveCfg = Release|Any CPU
		{26D6903B-E778-4449-9C9A-F98DFFEC9101}.Release|iPhoneSimulator.Build.0 = Release|Any CPU
		{66BBA902-A50A-4251-A2A4-E43CE3A5A45E}.AppStore|Any CPU.ActiveCfg = Release|Any CPU
		{66BBA902-A50A-4251-A2A4-E43CE3A5A45E}.AppStore|Any CPU.Build.0 = Release|Any CPU
		{66BBA902-A50A-4251-A2A4-E43CE3A5A45E}.AppStore|iPhone.ActiveCfg = Release|Any CPU
		{66BBA902-A50A-4251-A2A4-E43CE3A5A45E}.AppStore|iPhone.Build.0 = Release|Any CPU
		{66BBA902-A50A-4251-A2A4-E43CE3A5A45E}.AppStore|iPhoneSimulator.ActiveCfg = Release|Any CPU
		{66BBA902-A50A-4251-A2A4-E43CE3A5A45E}.AppStore|iPhoneSimulator.Build.0 = Release|Any CPU
		{66BBA902-A50A-4251-A2A4-E43CE3A5A45E}.AppVeyor|Any CPU.ActiveCfg = Release|Any CPU
		{66BBA902-A50A-4251-A2A4-E43CE3A5A45E}.AppVeyor|Any CPU.Build.0 = Release|Any CPU
		{66BBA902-A50A-4251-A2A4-E43CE3A5A45E}.AppVeyor|iPhone.ActiveCfg = Release|Any CPU
		{66BBA902-A50A-4251-A2A4-E43CE3A5A45E}.AppVeyor|iPhone.Build.0 = Release|Any CPU
		{66BBA902-A50A-4251-A2A4-E43CE3A5A45E}.AppVeyor|iPhoneSimulator.ActiveCfg = Release|Any CPU
		{66BBA902-A50A-4251-A2A4-E43CE3A5A45E}.AppVeyor|iPhoneSimulator.Build.0 = Release|Any CPU
		{66BBA902-A50A-4251-A2A4-E43CE3A5A45E}.Debug|Any CPU.ActiveCfg = Debug|Any CPU
		{66BBA902-A50A-4251-A2A4-E43CE3A5A45E}.Debug|Any CPU.Build.0 = Debug|Any CPU
		{66BBA902-A50A-4251-A2A4-E43CE3A5A45E}.Debug|iPhone.ActiveCfg = Debug|Any CPU
		{66BBA902-A50A-4251-A2A4-E43CE3A5A45E}.Debug|iPhone.Build.0 = Debug|Any CPU
		{66BBA902-A50A-4251-A2A4-E43CE3A5A45E}.Debug|iPhoneSimulator.ActiveCfg = Debug|Any CPU
		{66BBA902-A50A-4251-A2A4-E43CE3A5A45E}.Debug|iPhoneSimulator.Build.0 = Debug|Any CPU
		{66BBA902-A50A-4251-A2A4-E43CE3A5A45E}.Release|Any CPU.ActiveCfg = Release|Any CPU
		{66BBA902-A50A-4251-A2A4-E43CE3A5A45E}.Release|Any CPU.Build.0 = Release|Any CPU
		{66BBA902-A50A-4251-A2A4-E43CE3A5A45E}.Release|iPhone.ActiveCfg = Release|Any CPU
		{66BBA902-A50A-4251-A2A4-E43CE3A5A45E}.Release|iPhone.Build.0 = Release|Any CPU
		{66BBA902-A50A-4251-A2A4-E43CE3A5A45E}.Release|iPhoneSimulator.ActiveCfg = Release|Any CPU
		{66BBA902-A50A-4251-A2A4-E43CE3A5A45E}.Release|iPhoneSimulator.Build.0 = Release|Any CPU
		{BEFE2679-4CA3-4953-8820-2CAB5B3FF2D1}.AppStore|Any CPU.ActiveCfg = Release|Any CPU
		{BEFE2679-4CA3-4953-8820-2CAB5B3FF2D1}.AppStore|Any CPU.Build.0 = Release|Any CPU
		{BEFE2679-4CA3-4953-8820-2CAB5B3FF2D1}.AppStore|iPhone.ActiveCfg = Release|Any CPU
		{BEFE2679-4CA3-4953-8820-2CAB5B3FF2D1}.AppStore|iPhone.Build.0 = Release|Any CPU
		{BEFE2679-4CA3-4953-8820-2CAB5B3FF2D1}.AppStore|iPhoneSimulator.ActiveCfg = Release|Any CPU
		{BEFE2679-4CA3-4953-8820-2CAB5B3FF2D1}.AppStore|iPhoneSimulator.Build.0 = Release|Any CPU
		{BEFE2679-4CA3-4953-8820-2CAB5B3FF2D1}.AppVeyor|Any CPU.ActiveCfg = Release|Any CPU
		{BEFE2679-4CA3-4953-8820-2CAB5B3FF2D1}.AppVeyor|Any CPU.Build.0 = Release|Any CPU
		{BEFE2679-4CA3-4953-8820-2CAB5B3FF2D1}.AppVeyor|iPhone.ActiveCfg = Release|Any CPU
		{BEFE2679-4CA3-4953-8820-2CAB5B3FF2D1}.AppVeyor|iPhone.Build.0 = Release|Any CPU
		{BEFE2679-4CA3-4953-8820-2CAB5B3FF2D1}.AppVeyor|iPhoneSimulator.ActiveCfg = Release|Any CPU
		{BEFE2679-4CA3-4953-8820-2CAB5B3FF2D1}.AppVeyor|iPhoneSimulator.Build.0 = Release|Any CPU
		{BEFE2679-4CA3-4953-8820-2CAB5B3FF2D1}.Debug|Any CPU.ActiveCfg = Debug|Any CPU
		{BEFE2679-4CA3-4953-8820-2CAB5B3FF2D1}.Debug|Any CPU.Build.0 = Debug|Any CPU
		{BEFE2679-4CA3-4953-8820-2CAB5B3FF2D1}.Debug|iPhone.ActiveCfg = Debug|Any CPU
		{BEFE2679-4CA3-4953-8820-2CAB5B3FF2D1}.Debug|iPhone.Build.0 = Debug|Any CPU
		{BEFE2679-4CA3-4953-8820-2CAB5B3FF2D1}.Debug|iPhoneSimulator.ActiveCfg = Debug|Any CPU
		{BEFE2679-4CA3-4953-8820-2CAB5B3FF2D1}.Debug|iPhoneSimulator.Build.0 = Debug|Any CPU
		{BEFE2679-4CA3-4953-8820-2CAB5B3FF2D1}.Release|Any CPU.ActiveCfg = Release|Any CPU
		{BEFE2679-4CA3-4953-8820-2CAB5B3FF2D1}.Release|Any CPU.Build.0 = Release|Any CPU
		{BEFE2679-4CA3-4953-8820-2CAB5B3FF2D1}.Release|iPhone.ActiveCfg = Release|Any CPU
		{BEFE2679-4CA3-4953-8820-2CAB5B3FF2D1}.Release|iPhone.Build.0 = Release|Any CPU
		{BEFE2679-4CA3-4953-8820-2CAB5B3FF2D1}.Release|iPhoneSimulator.ActiveCfg = Release|Any CPU
		{BEFE2679-4CA3-4953-8820-2CAB5B3FF2D1}.Release|iPhoneSimulator.Build.0 = Release|Any CPU
		{BA4049B9-FE98-4748-BE9D-6CAF43F7356E}.AppStore|Any CPU.ActiveCfg = Release|Any CPU
		{BA4049B9-FE98-4748-BE9D-6CAF43F7356E}.AppStore|Any CPU.Build.0 = Release|Any CPU
		{BA4049B9-FE98-4748-BE9D-6CAF43F7356E}.AppStore|iPhone.ActiveCfg = Release|Any CPU
		{BA4049B9-FE98-4748-BE9D-6CAF43F7356E}.AppStore|iPhone.Build.0 = Release|Any CPU
		{BA4049B9-FE98-4748-BE9D-6CAF43F7356E}.AppStore|iPhoneSimulator.ActiveCfg = Release|Any CPU
		{BA4049B9-FE98-4748-BE9D-6CAF43F7356E}.AppStore|iPhoneSimulator.Build.0 = Release|Any CPU
		{BA4049B9-FE98-4748-BE9D-6CAF43F7356E}.AppVeyor|Any CPU.ActiveCfg = Release|Any CPU
		{BA4049B9-FE98-4748-BE9D-6CAF43F7356E}.AppVeyor|Any CPU.Build.0 = Release|Any CPU
		{BA4049B9-FE98-4748-BE9D-6CAF43F7356E}.AppVeyor|iPhone.ActiveCfg = Release|Any CPU
		{BA4049B9-FE98-4748-BE9D-6CAF43F7356E}.AppVeyor|iPhone.Build.0 = Release|Any CPU
		{BA4049B9-FE98-4748-BE9D-6CAF43F7356E}.AppVeyor|iPhoneSimulator.ActiveCfg = Release|Any CPU
		{BA4049B9-FE98-4748-BE9D-6CAF43F7356E}.AppVeyor|iPhoneSimulator.Build.0 = Release|Any CPU
		{BA4049B9-FE98-4748-BE9D-6CAF43F7356E}.Debug|Any CPU.ActiveCfg = Debug|Any CPU
		{BA4049B9-FE98-4748-BE9D-6CAF43F7356E}.Debug|Any CPU.Build.0 = Debug|Any CPU
		{BA4049B9-FE98-4748-BE9D-6CAF43F7356E}.Debug|iPhone.ActiveCfg = Debug|Any CPU
		{BA4049B9-FE98-4748-BE9D-6CAF43F7356E}.Debug|iPhone.Build.0 = Debug|Any CPU
		{BA4049B9-FE98-4748-BE9D-6CAF43F7356E}.Debug|iPhoneSimulator.ActiveCfg = Debug|Any CPU
		{BA4049B9-FE98-4748-BE9D-6CAF43F7356E}.Debug|iPhoneSimulator.Build.0 = Debug|Any CPU
		{BA4049B9-FE98-4748-BE9D-6CAF43F7356E}.Release|Any CPU.ActiveCfg = Release|Any CPU
		{BA4049B9-FE98-4748-BE9D-6CAF43F7356E}.Release|Any CPU.Build.0 = Release|Any CPU
		{BA4049B9-FE98-4748-BE9D-6CAF43F7356E}.Release|iPhone.ActiveCfg = Release|Any CPU
		{BA4049B9-FE98-4748-BE9D-6CAF43F7356E}.Release|iPhone.Build.0 = Release|Any CPU
		{BA4049B9-FE98-4748-BE9D-6CAF43F7356E}.Release|iPhoneSimulator.ActiveCfg = Release|Any CPU
		{BA4049B9-FE98-4748-BE9D-6CAF43F7356E}.Release|iPhoneSimulator.Build.0 = Release|Any CPU
	EndGlobalSection
	GlobalSection(SolutionProperties) = preSolution
		HideSolutionNode = FALSE
	EndGlobalSection
EndGlobal
