
Microsoft Visual Studio Solution File, Format Version 12.00
# Visual Studio 14
VisualStudioVersion = 14.0.25420.1
MinimumVisualStudioVersion = 10.0.40219.1
Project("{FAE04EC0-301F-11D3-BF4B-00C04F79EFBC}") = "ConsumerProgram", "ConsumerProgram\ConsumerProgram.csproj", "{66BBA902-A50A-4251-A2A4-E43CE3A5A45E}"
EndProject
Project("{FAE04EC0-301F-11D3-BF4B-00C04F79EFBC}") = "ConsumerTests", "ConsumerTests\ConsumerTests.csproj", "{BEFE2679-4CA3-4953-8820-2CAB5B3FF2D1}"
EndProject
Project("{8BB2217D-0F2D-49D1-97BC-3654ED321F3B}") = "TestApp", "TestApp\TestApp.xproj", "{56E03487-CC38-48B8-8A3D-E6F831814541}"
EndProject
Project("{8BB2217D-0F2D-49D1-97BC-3654ED321F3B}") = "Contracts", "Contracts\Contracts.xproj", "{A064AE93-C162-4EC6-9448-1C37E2120B0F}"
EndProject
Project("{8BB2217D-0F2D-49D1-97BC-3654ED321F3B}") = "MVVMFramework", "MVVMFramework\MVVMFramework.xproj", "{F0E55C33-161D-47FD-88D5-A403B636166E}"
EndProject
Project("{8BB2217D-0F2D-49D1-97BC-3654ED321F3B}") = "Models", "Models\Models.xproj", "{5E3C75B9-892B-4943-AAF0-7AF3B24C8975}"
EndProject
Project("{8BB2217D-0F2D-49D1-97BC-3654ED321F3B}") = "Repositories", "Repositories\Repositories.xproj", "{28C69965-1969-4B3A-9682-ED589D00054A}"
EndProject
Project("{8BB2217D-0F2D-49D1-97BC-3654ED321F3B}") = "Services", "Services\Services.xproj", "{35160C49-72D9-4D84-BA4C-C7B7C9122E70}"
EndProject
Project("{8BB2217D-0F2D-49D1-97BC-3654ED321F3B}") = "XSDFixer", "XSDFixer\XSDFixer.xproj", "{5CFE2807-3155-4B62-BDBF-B6069694B7B7}"
EndProject
Project("{2150E333-8FDC-42A3-9474-1A3956D46DE8}") = "Tools", "Tools", "{00FE9233-D69D-4940-B9E4-495A311A3121}"
EndProject
Project("{FAE04EC0-301F-11D3-BF4B-00C04F79EFBC}") = "XSDConstantsFileGen", "XSDConstantsFileGen\XSDConstantsFileGen.csproj", "{6725DF12-3838-46E5-892E-DCA6E45C1565}"
	ProjectSection(ProjectDependencies) = postProject
		{5E3C75B9-892B-4943-AAF0-7AF3B24C8975} = {5E3C75B9-892B-4943-AAF0-7AF3B24C8975}
	EndProjectSection
EndProject
Project("{2150E333-8FDC-42A3-9474-1A3956D46DE8}") = "Libs", "Libs", "{1015446B-EA28-4194-BE56-F33C19386453}"
EndProject
Project("{8BB2217D-0F2D-49D1-97BC-3654ED321F3B}") = "ViewModels", "ViewModels\ViewModels.xproj", "{4E10738A-790E-4466-8168-1EE46D1D2743}"
EndProject
Project("{2150E333-8FDC-42A3-9474-1A3956D46DE8}") = "4.6.1", "4.6.1", "{19C4129B-3C8C-4C95-9D91-422A995F3742}"
EndProject
Project("{FAE04EC0-301F-11D3-BF4B-00C04F79EFBC}") = "MVVMFramework.win", "MVVMFramework\MVVMFramework.win.csproj", "{F22008C9-1D99-4BEE-93E2-88E2CF5EE938}"
EndProject
Project("{FAE04EC0-301F-11D3-BF4B-00C04F79EFBC}") = "Models.win", "Models\Models.win.csproj", "{47B66599-E6F8-46A1-9731-05A099A04FC3}"
EndProject
Project("{FAE04EC0-301F-11D3-BF4B-00C04F79EFBC}") = "Services.win", "Services\Services.win.csproj", "{5E320BE2-378D-41AC-9B92-2E7380A065AE}"
EndProject
Project("{FAE04EC0-301F-11D3-BF4B-00C04F79EFBC}") = "ViewModels.win", "ViewModels\ViewModels.win.csproj", "{1727067D-84CC-460F-B301-31356F699EF4}"
EndProject
Project("{FAE04EC0-301F-11D3-BF4B-00C04F79EFBC}") = "Repositories.win", "Repositories\Repositories.win.csproj", "{52735DEE-D72A-4062-955C-A0E345DE38CA}"
EndProject
Project("{FAE04EC0-301F-11D3-BF4B-00C04F79EFBC}") = "Contracts.win", "Contracts\Contracts.win.csproj", "{3112A258-4D51-4C9F-8ACB-640AE351EE01}"
EndProject
Project("{FAE04EC0-301F-11D3-BF4B-00C04F79EFBC}") = "OzRobotBuilder.NET", "OzRobotBuilder.NET\OzRobotBuilder.NET.csproj", "{8065EC68-7945-49E2-8774-20F9F01ED49C}"
EndProject
Project("{2150E333-8FDC-42A3-9474-1A3956D46DE8}") = "ns1.5", "ns1.5", "{183F3E1E-59CB-4250-8E50-213FE0CECC3F}"
EndProject
Project("{FAE04EC0-301F-11D3-BF4B-00C04F79EFBC}") = "TestApp.win", "TestApp\TestApp.win.csproj", "{7D9DECD3-56A0-465D-93FD-20EDEA45045C}"
EndProject
Global
	GlobalSection(SolutionConfigurationPlatforms) = preSolution
		AppStore|Any CPU = AppStore|Any CPU
		AppStore|iPhone = AppStore|iPhone
		AppStore|iPhoneSimulator = AppStore|iPhoneSimulator
		AppVeyor|Any CPU = AppVeyor|Any CPU
		AppVeyor|iPhone = AppVeyor|iPhone
		AppVeyor|iPhoneSimulator = AppVeyor|iPhoneSimulator
		Debug|Any CPU = Debug|Any CPU
		Debug|iPhone = Debug|iPhone
		Debug|iPhoneSimulator = Debug|iPhoneSimulator
		Release|Any CPU = Release|Any CPU
		Release|iPhone = Release|iPhone
		Release|iPhoneSimulator = Release|iPhoneSimulator
	EndGlobalSection
	GlobalSection(ProjectConfigurationPlatforms) = postSolution
		{66BBA902-A50A-4251-A2A4-E43CE3A5A45E}.AppStore|Any CPU.ActiveCfg = Release|Any CPU
		{66BBA902-A50A-4251-A2A4-E43CE3A5A45E}.AppStore|Any CPU.Build.0 = Release|Any CPU
		{66BBA902-A50A-4251-A2A4-E43CE3A5A45E}.AppStore|iPhone.ActiveCfg = Release|Any CPU
		{66BBA902-A50A-4251-A2A4-E43CE3A5A45E}.AppStore|iPhone.Build.0 = Release|Any CPU
		{66BBA902-A50A-4251-A2A4-E43CE3A5A45E}.AppStore|iPhoneSimulator.ActiveCfg = Release|Any CPU
		{66BBA902-A50A-4251-A2A4-E43CE3A5A45E}.AppStore|iPhoneSimulator.Build.0 = Release|Any CPU
		{66BBA902-A50A-4251-A2A4-E43CE3A5A45E}.AppVeyor|Any CPU.ActiveCfg = Release|Any CPU
		{66BBA902-A50A-4251-A2A4-E43CE3A5A45E}.AppVeyor|Any CPU.Build.0 = Release|Any CPU
		{66BBA902-A50A-4251-A2A4-E43CE3A5A45E}.AppVeyor|iPhone.ActiveCfg = Release|Any CPU
		{66BBA902-A50A-4251-A2A4-E43CE3A5A45E}.AppVeyor|iPhone.Build.0 = Release|Any CPU
		{66BBA902-A50A-4251-A2A4-E43CE3A5A45E}.AppVeyor|iPhoneSimulator.ActiveCfg = Release|Any CPU
		{66BBA902-A50A-4251-A2A4-E43CE3A5A45E}.AppVeyor|iPhoneSimulator.Build.0 = Release|Any CPU
		{66BBA902-A50A-4251-A2A4-E43CE3A5A45E}.Debug|Any CPU.ActiveCfg = Debug|Any CPU
		{66BBA902-A50A-4251-A2A4-E43CE3A5A45E}.Debug|iPhone.ActiveCfg = Debug|Any CPU
		{66BBA902-A50A-4251-A2A4-E43CE3A5A45E}.Debug|iPhoneSimulator.ActiveCfg = Debug|Any CPU
		{66BBA902-A50A-4251-A2A4-E43CE3A5A45E}.Release|Any CPU.ActiveCfg = Release|Any CPU
		{66BBA902-A50A-4251-A2A4-E43CE3A5A45E}.Release|Any CPU.Build.0 = Release|Any CPU
		{66BBA902-A50A-4251-A2A4-E43CE3A5A45E}.Release|iPhone.ActiveCfg = Release|Any CPU
		{66BBA902-A50A-4251-A2A4-E43CE3A5A45E}.Release|iPhone.Build.0 = Release|Any CPU
		{66BBA902-A50A-4251-A2A4-E43CE3A5A45E}.Release|iPhoneSimulator.ActiveCfg = Release|Any CPU
		{66BBA902-A50A-4251-A2A4-E43CE3A5A45E}.Release|iPhoneSimulator.Build.0 = Release|Any CPU
		{BEFE2679-4CA3-4953-8820-2CAB5B3FF2D1}.AppStore|Any CPU.ActiveCfg = Release|Any CPU
		{BEFE2679-4CA3-4953-8820-2CAB5B3FF2D1}.AppStore|Any CPU.Build.0 = Release|Any CPU
		{BEFE2679-4CA3-4953-8820-2CAB5B3FF2D1}.AppStore|iPhone.ActiveCfg = Release|Any CPU
		{BEFE2679-4CA3-4953-8820-2CAB5B3FF2D1}.AppStore|iPhone.Build.0 = Release|Any CPU
		{BEFE2679-4CA3-4953-8820-2CAB5B3FF2D1}.AppStore|iPhoneSimulator.ActiveCfg = Release|Any CPU
		{BEFE2679-4CA3-4953-8820-2CAB5B3FF2D1}.AppStore|iPhoneSimulator.Build.0 = Release|Any CPU
		{BEFE2679-4CA3-4953-8820-2CAB5B3FF2D1}.AppVeyor|Any CPU.ActiveCfg = Release|Any CPU
		{BEFE2679-4CA3-4953-8820-2CAB5B3FF2D1}.AppVeyor|Any CPU.Build.0 = Release|Any CPU
		{BEFE2679-4CA3-4953-8820-2CAB5B3FF2D1}.AppVeyor|iPhone.ActiveCfg = Release|Any CPU
		{BEFE2679-4CA3-4953-8820-2CAB5B3FF2D1}.AppVeyor|iPhone.Build.0 = Release|Any CPU
		{BEFE2679-4CA3-4953-8820-2CAB5B3FF2D1}.AppVeyor|iPhoneSimulator.ActiveCfg = Release|Any CPU
		{BEFE2679-4CA3-4953-8820-2CAB5B3FF2D1}.AppVeyor|iPhoneSimulator.Build.0 = Release|Any CPU
		{BEFE2679-4CA3-4953-8820-2CAB5B3FF2D1}.Debug|Any CPU.ActiveCfg = Debug|Any CPU
		{BEFE2679-4CA3-4953-8820-2CAB5B3FF2D1}.Debug|iPhone.ActiveCfg = Debug|Any CPU
		{BEFE2679-4CA3-4953-8820-2CAB5B3FF2D1}.Debug|iPhoneSimulator.ActiveCfg = Debug|Any CPU
		{BEFE2679-4CA3-4953-8820-2CAB5B3FF2D1}.Release|Any CPU.ActiveCfg = Release|Any CPU
		{BEFE2679-4CA3-4953-8820-2CAB5B3FF2D1}.Release|Any CPU.Build.0 = Release|Any CPU
		{BEFE2679-4CA3-4953-8820-2CAB5B3FF2D1}.Release|iPhone.ActiveCfg = Release|Any CPU
		{BEFE2679-4CA3-4953-8820-2CAB5B3FF2D1}.Release|iPhone.Build.0 = Release|Any CPU
		{BEFE2679-4CA3-4953-8820-2CAB5B3FF2D1}.Release|iPhoneSimulator.ActiveCfg = Release|Any CPU
		{BEFE2679-4CA3-4953-8820-2CAB5B3FF2D1}.Release|iPhoneSimulator.Build.0 = Release|Any CPU
		{56E03487-CC38-48B8-8A3D-E6F831814541}.AppStore|Any CPU.ActiveCfg = Release|Any CPU
		{56E03487-CC38-48B8-8A3D-E6F831814541}.AppStore|Any CPU.Build.0 = Release|Any CPU
		{56E03487-CC38-48B8-8A3D-E6F831814541}.AppStore|iPhone.ActiveCfg = Release|Any CPU
		{56E03487-CC38-48B8-8A3D-E6F831814541}.AppStore|iPhone.Build.0 = Release|Any CPU
		{56E03487-CC38-48B8-8A3D-E6F831814541}.AppStore|iPhoneSimulator.ActiveCfg = Release|Any CPU
		{56E03487-CC38-48B8-8A3D-E6F831814541}.AppStore|iPhoneSimulator.Build.0 = Release|Any CPU
		{56E03487-CC38-48B8-8A3D-E6F831814541}.AppVeyor|Any CPU.ActiveCfg = Release|Any CPU
		{56E03487-CC38-48B8-8A3D-E6F831814541}.AppVeyor|Any CPU.Build.0 = Release|Any CPU
		{56E03487-CC38-48B8-8A3D-E6F831814541}.AppVeyor|iPhone.ActiveCfg = Release|Any CPU
		{56E03487-CC38-48B8-8A3D-E6F831814541}.AppVeyor|iPhone.Build.0 = Release|Any CPU
		{56E03487-CC38-48B8-8A3D-E6F831814541}.AppVeyor|iPhoneSimulator.ActiveCfg = Release|Any CPU
		{56E03487-CC38-48B8-8A3D-E6F831814541}.AppVeyor|iPhoneSimulator.Build.0 = Release|Any CPU
		{56E03487-CC38-48B8-8A3D-E6F831814541}.Debug|Any CPU.ActiveCfg = Debug|Any CPU
		{56E03487-CC38-48B8-8A3D-E6F831814541}.Debug|Any CPU.Build.0 = Debug|Any CPU
		{56E03487-CC38-48B8-8A3D-E6F831814541}.Debug|iPhone.ActiveCfg = Debug|Any CPU
		{56E03487-CC38-48B8-8A3D-E6F831814541}.Debug|iPhone.Build.0 = Debug|Any CPU
		{56E03487-CC38-48B8-8A3D-E6F831814541}.Debug|iPhoneSimulator.ActiveCfg = Debug|Any CPU
		{56E03487-CC38-48B8-8A3D-E6F831814541}.Debug|iPhoneSimulator.Build.0 = Debug|Any CPU
		{56E03487-CC38-48B8-8A3D-E6F831814541}.Release|Any CPU.ActiveCfg = Release|Any CPU
		{56E03487-CC38-48B8-8A3D-E6F831814541}.Release|Any CPU.Build.0 = Release|Any CPU
		{56E03487-CC38-48B8-8A3D-E6F831814541}.Release|iPhone.ActiveCfg = Release|Any CPU
		{56E03487-CC38-48B8-8A3D-E6F831814541}.Release|iPhone.Build.0 = Release|Any CPU
		{56E03487-CC38-48B8-8A3D-E6F831814541}.Release|iPhoneSimulator.ActiveCfg = Release|Any CPU
		{56E03487-CC38-48B8-8A3D-E6F831814541}.Release|iPhoneSimulator.Build.0 = Release|Any CPU
		{A064AE93-C162-4EC6-9448-1C37E2120B0F}.AppStore|Any CPU.ActiveCfg = Release|Any CPU
		{A064AE93-C162-4EC6-9448-1C37E2120B0F}.AppStore|Any CPU.Build.0 = Release|Any CPU
		{A064AE93-C162-4EC6-9448-1C37E2120B0F}.AppStore|iPhone.ActiveCfg = Release|Any CPU
		{A064AE93-C162-4EC6-9448-1C37E2120B0F}.AppStore|iPhone.Build.0 = Release|Any CPU
		{A064AE93-C162-4EC6-9448-1C37E2120B0F}.AppStore|iPhoneSimulator.ActiveCfg = Release|Any CPU
		{A064AE93-C162-4EC6-9448-1C37E2120B0F}.AppStore|iPhoneSimulator.Build.0 = Release|Any CPU
		{A064AE93-C162-4EC6-9448-1C37E2120B0F}.AppVeyor|Any CPU.ActiveCfg = Release|Any CPU
		{A064AE93-C162-4EC6-9448-1C37E2120B0F}.AppVeyor|Any CPU.Build.0 = Release|Any CPU
		{A064AE93-C162-4EC6-9448-1C37E2120B0F}.AppVeyor|iPhone.ActiveCfg = Release|Any CPU
		{A064AE93-C162-4EC6-9448-1C37E2120B0F}.AppVeyor|iPhone.Build.0 = Release|Any CPU
		{A064AE93-C162-4EC6-9448-1C37E2120B0F}.AppVeyor|iPhoneSimulator.ActiveCfg = Release|Any CPU
		{A064AE93-C162-4EC6-9448-1C37E2120B0F}.AppVeyor|iPhoneSimulator.Build.0 = Release|Any CPU
		{A064AE93-C162-4EC6-9448-1C37E2120B0F}.Debug|Any CPU.ActiveCfg = Debug|Any CPU
		{A064AE93-C162-4EC6-9448-1C37E2120B0F}.Debug|Any CPU.Build.0 = Debug|Any CPU
		{A064AE93-C162-4EC6-9448-1C37E2120B0F}.Debug|iPhone.ActiveCfg = Debug|Any CPU
		{A064AE93-C162-4EC6-9448-1C37E2120B0F}.Debug|iPhone.Build.0 = Debug|Any CPU
		{A064AE93-C162-4EC6-9448-1C37E2120B0F}.Debug|iPhoneSimulator.ActiveCfg = Debug|Any CPU
		{A064AE93-C162-4EC6-9448-1C37E2120B0F}.Debug|iPhoneSimulator.Build.0 = Debug|Any CPU
		{A064AE93-C162-4EC6-9448-1C37E2120B0F}.Release|Any CPU.ActiveCfg = Release|Any CPU
		{A064AE93-C162-4EC6-9448-1C37E2120B0F}.Release|Any CPU.Build.0 = Release|Any CPU
		{A064AE93-C162-4EC6-9448-1C37E2120B0F}.Release|iPhone.ActiveCfg = Release|Any CPU
		{A064AE93-C162-4EC6-9448-1C37E2120B0F}.Release|iPhone.Build.0 = Release|Any CPU
		{A064AE93-C162-4EC6-9448-1C37E2120B0F}.Release|iPhoneSimulator.ActiveCfg = Release|Any CPU
		{A064AE93-C162-4EC6-9448-1C37E2120B0F}.Release|iPhoneSimulator.Build.0 = Release|Any CPU
		{F0E55C33-161D-47FD-88D5-A403B636166E}.AppStore|Any CPU.ActiveCfg = Release|Any CPU
		{F0E55C33-161D-47FD-88D5-A403B636166E}.AppStore|Any CPU.Build.0 = Release|Any CPU
		{F0E55C33-161D-47FD-88D5-A403B636166E}.AppStore|iPhone.ActiveCfg = Release|Any CPU
		{F0E55C33-161D-47FD-88D5-A403B636166E}.AppStore|iPhone.Build.0 = Release|Any CPU
		{F0E55C33-161D-47FD-88D5-A403B636166E}.AppStore|iPhoneSimulator.ActiveCfg = Release|Any CPU
		{F0E55C33-161D-47FD-88D5-A403B636166E}.AppStore|iPhoneSimulator.Build.0 = Release|Any CPU
		{F0E55C33-161D-47FD-88D5-A403B636166E}.AppVeyor|Any CPU.ActiveCfg = Release|Any CPU
		{F0E55C33-161D-47FD-88D5-A403B636166E}.AppVeyor|Any CPU.Build.0 = Release|Any CPU
		{F0E55C33-161D-47FD-88D5-A403B636166E}.AppVeyor|iPhone.ActiveCfg = Release|Any CPU
		{F0E55C33-161D-47FD-88D5-A403B636166E}.AppVeyor|iPhone.Build.0 = Release|Any CPU
		{F0E55C33-161D-47FD-88D5-A403B636166E}.AppVeyor|iPhoneSimulator.ActiveCfg = Release|Any CPU
		{F0E55C33-161D-47FD-88D5-A403B636166E}.AppVeyor|iPhoneSimulator.Build.0 = Release|Any CPU
		{F0E55C33-161D-47FD-88D5-A403B636166E}.Debug|Any CPU.ActiveCfg = Debug|Any CPU
		{F0E55C33-161D-47FD-88D5-A403B636166E}.Debug|Any CPU.Build.0 = Debug|Any CPU
		{F0E55C33-161D-47FD-88D5-A403B636166E}.Debug|iPhone.ActiveCfg = Debug|Any CPU
		{F0E55C33-161D-47FD-88D5-A403B636166E}.Debug|iPhone.Build.0 = Debug|Any CPU
		{F0E55C33-161D-47FD-88D5-A403B636166E}.Debug|iPhoneSimulator.ActiveCfg = Debug|Any CPU
		{F0E55C33-161D-47FD-88D5-A403B636166E}.Debug|iPhoneSimulator.Build.0 = Debug|Any CPU
		{F0E55C33-161D-47FD-88D5-A403B636166E}.Release|Any CPU.ActiveCfg = Release|Any CPU
		{F0E55C33-161D-47FD-88D5-A403B636166E}.Release|Any CPU.Build.0 = Release|Any CPU
		{F0E55C33-161D-47FD-88D5-A403B636166E}.Release|iPhone.ActiveCfg = Release|Any CPU
		{F0E55C33-161D-47FD-88D5-A403B636166E}.Release|iPhone.Build.0 = Release|Any CPU
		{F0E55C33-161D-47FD-88D5-A403B636166E}.Release|iPhoneSimulator.ActiveCfg = Release|Any CPU
		{F0E55C33-161D-47FD-88D5-A403B636166E}.Release|iPhoneSimulator.Build.0 = Release|Any CPU
		{5E3C75B9-892B-4943-AAF0-7AF3B24C8975}.AppStore|Any CPU.ActiveCfg = Release|Any CPU
		{5E3C75B9-892B-4943-AAF0-7AF3B24C8975}.AppStore|Any CPU.Build.0 = Release|Any CPU
		{5E3C75B9-892B-4943-AAF0-7AF3B24C8975}.AppStore|iPhone.ActiveCfg = Release|Any CPU
		{5E3C75B9-892B-4943-AAF0-7AF3B24C8975}.AppStore|iPhone.Build.0 = Release|Any CPU
		{5E3C75B9-892B-4943-AAF0-7AF3B24C8975}.AppStore|iPhoneSimulator.ActiveCfg = Release|Any CPU
		{5E3C75B9-892B-4943-AAF0-7AF3B24C8975}.AppStore|iPhoneSimulator.Build.0 = Release|Any CPU
		{5E3C75B9-892B-4943-AAF0-7AF3B24C8975}.AppVeyor|Any CPU.ActiveCfg = Release|Any CPU
		{5E3C75B9-892B-4943-AAF0-7AF3B24C8975}.AppVeyor|Any CPU.Build.0 = Release|Any CPU
		{5E3C75B9-892B-4943-AAF0-7AF3B24C8975}.AppVeyor|iPhone.ActiveCfg = Release|Any CPU
		{5E3C75B9-892B-4943-AAF0-7AF3B24C8975}.AppVeyor|iPhone.Build.0 = Release|Any CPU
		{5E3C75B9-892B-4943-AAF0-7AF3B24C8975}.AppVeyor|iPhoneSimulator.ActiveCfg = Release|Any CPU
		{5E3C75B9-892B-4943-AAF0-7AF3B24C8975}.AppVeyor|iPhoneSimulator.Build.0 = Release|Any CPU
		{5E3C75B9-892B-4943-AAF0-7AF3B24C8975}.Debug|Any CPU.ActiveCfg = Debug|Any CPU
		{5E3C75B9-892B-4943-AAF0-7AF3B24C8975}.Debug|Any CPU.Build.0 = Debug|Any CPU
		{5E3C75B9-892B-4943-AAF0-7AF3B24C8975}.Debug|iPhone.ActiveCfg = Debug|Any CPU
		{5E3C75B9-892B-4943-AAF0-7AF3B24C8975}.Debug|iPhone.Build.0 = Debug|Any CPU
		{5E3C75B9-892B-4943-AAF0-7AF3B24C8975}.Debug|iPhoneSimulator.ActiveCfg = Debug|Any CPU
		{5E3C75B9-892B-4943-AAF0-7AF3B24C8975}.Debug|iPhoneSimulator.Build.0 = Debug|Any CPU
		{5E3C75B9-892B-4943-AAF0-7AF3B24C8975}.Release|Any CPU.ActiveCfg = Release|Any CPU
		{5E3C75B9-892B-4943-AAF0-7AF3B24C8975}.Release|Any CPU.Build.0 = Release|Any CPU
		{5E3C75B9-892B-4943-AAF0-7AF3B24C8975}.Release|iPhone.ActiveCfg = Release|Any CPU
		{5E3C75B9-892B-4943-AAF0-7AF3B24C8975}.Release|iPhone.Build.0 = Release|Any CPU
		{5E3C75B9-892B-4943-AAF0-7AF3B24C8975}.Release|iPhoneSimulator.ActiveCfg = Release|Any CPU
		{5E3C75B9-892B-4943-AAF0-7AF3B24C8975}.Release|iPhoneSimulator.Build.0 = Release|Any CPU
		{28C69965-1969-4B3A-9682-ED589D00054A}.AppStore|Any CPU.ActiveCfg = Release|Any CPU
		{28C69965-1969-4B3A-9682-ED589D00054A}.AppStore|Any CPU.Build.0 = Release|Any CPU
		{28C69965-1969-4B3A-9682-ED589D00054A}.AppStore|iPhone.ActiveCfg = Release|Any CPU
		{28C69965-1969-4B3A-9682-ED589D00054A}.AppStore|iPhone.Build.0 = Release|Any CPU
		{28C69965-1969-4B3A-9682-ED589D00054A}.AppStore|iPhoneSimulator.ActiveCfg = Release|Any CPU
		{28C69965-1969-4B3A-9682-ED589D00054A}.AppStore|iPhoneSimulator.Build.0 = Release|Any CPU
		{28C69965-1969-4B3A-9682-ED589D00054A}.AppVeyor|Any CPU.ActiveCfg = Release|Any CPU
		{28C69965-1969-4B3A-9682-ED589D00054A}.AppVeyor|Any CPU.Build.0 = Release|Any CPU
		{28C69965-1969-4B3A-9682-ED589D00054A}.AppVeyor|iPhone.ActiveCfg = Release|Any CPU
		{28C69965-1969-4B3A-9682-ED589D00054A}.AppVeyor|iPhone.Build.0 = Release|Any CPU
		{28C69965-1969-4B3A-9682-ED589D00054A}.AppVeyor|iPhoneSimulator.ActiveCfg = Release|Any CPU
		{28C69965-1969-4B3A-9682-ED589D00054A}.AppVeyor|iPhoneSimulator.Build.0 = Release|Any CPU
		{28C69965-1969-4B3A-9682-ED589D00054A}.Debug|Any CPU.ActiveCfg = Debug|Any CPU
		{28C69965-1969-4B3A-9682-ED589D00054A}.Debug|Any CPU.Build.0 = Debug|Any CPU
		{28C69965-1969-4B3A-9682-ED589D00054A}.Debug|iPhone.ActiveCfg = Debug|Any CPU
		{28C69965-1969-4B3A-9682-ED589D00054A}.Debug|iPhone.Build.0 = Debug|Any CPU
		{28C69965-1969-4B3A-9682-ED589D00054A}.Debug|iPhoneSimulator.ActiveCfg = Debug|Any CPU
		{28C69965-1969-4B3A-9682-ED589D00054A}.Debug|iPhoneSimulator.Build.0 = Debug|Any CPU
		{28C69965-1969-4B3A-9682-ED589D00054A}.Release|Any CPU.ActiveCfg = Release|Any CPU
		{28C69965-1969-4B3A-9682-ED589D00054A}.Release|Any CPU.Build.0 = Release|Any CPU
		{28C69965-1969-4B3A-9682-ED589D00054A}.Release|iPhone.ActiveCfg = Release|Any CPU
		{28C69965-1969-4B3A-9682-ED589D00054A}.Release|iPhone.Build.0 = Release|Any CPU
		{28C69965-1969-4B3A-9682-ED589D00054A}.Release|iPhoneSimulator.ActiveCfg = Release|Any CPU
		{28C69965-1969-4B3A-9682-ED589D00054A}.Release|iPhoneSimulator.Build.0 = Release|Any CPU
		{35160C49-72D9-4D84-BA4C-C7B7C9122E70}.AppStore|Any CPU.ActiveCfg = Release|Any CPU
		{35160C49-72D9-4D84-BA4C-C7B7C9122E70}.AppStore|Any CPU.Build.0 = Release|Any CPU
		{35160C49-72D9-4D84-BA4C-C7B7C9122E70}.AppStore|iPhone.ActiveCfg = Release|Any CPU
		{35160C49-72D9-4D84-BA4C-C7B7C9122E70}.AppStore|iPhone.Build.0 = Release|Any CPU
		{35160C49-72D9-4D84-BA4C-C7B7C9122E70}.AppStore|iPhoneSimulator.ActiveCfg = Release|Any CPU
		{35160C49-72D9-4D84-BA4C-C7B7C9122E70}.AppStore|iPhoneSimulator.Build.0 = Release|Any CPU
		{35160C49-72D9-4D84-BA4C-C7B7C9122E70}.AppVeyor|Any CPU.ActiveCfg = Release|Any CPU
		{35160C49-72D9-4D84-BA4C-C7B7C9122E70}.AppVeyor|Any CPU.Build.0 = Release|Any CPU
		{35160C49-72D9-4D84-BA4C-C7B7C9122E70}.AppVeyor|iPhone.ActiveCfg = Release|Any CPU
		{35160C49-72D9-4D84-BA4C-C7B7C9122E70}.AppVeyor|iPhone.Build.0 = Release|Any CPU
		{35160C49-72D9-4D84-BA4C-C7B7C9122E70}.AppVeyor|iPhoneSimulator.ActiveCfg = Release|Any CPU
		{35160C49-72D9-4D84-BA4C-C7B7C9122E70}.AppVeyor|iPhoneSimulator.Build.0 = Release|Any CPU
		{35160C49-72D9-4D84-BA4C-C7B7C9122E70}.Debug|Any CPU.ActiveCfg = Debug|Any CPU
		{35160C49-72D9-4D84-BA4C-C7B7C9122E70}.Debug|Any CPU.Build.0 = Debug|Any CPU
		{35160C49-72D9-4D84-BA4C-C7B7C9122E70}.Debug|iPhone.ActiveCfg = Debug|Any CPU
		{35160C49-72D9-4D84-BA4C-C7B7C9122E70}.Debug|iPhone.Build.0 = Debug|Any CPU
		{35160C49-72D9-4D84-BA4C-C7B7C9122E70}.Debug|iPhoneSimulator.ActiveCfg = Debug|Any CPU
		{35160C49-72D9-4D84-BA4C-C7B7C9122E70}.Debug|iPhoneSimulator.Build.0 = Debug|Any CPU
		{35160C49-72D9-4D84-BA4C-C7B7C9122E70}.Release|Any CPU.ActiveCfg = Release|Any CPU
		{35160C49-72D9-4D84-BA4C-C7B7C9122E70}.Release|Any CPU.Build.0 = Release|Any CPU
		{35160C49-72D9-4D84-BA4C-C7B7C9122E70}.Release|iPhone.ActiveCfg = Release|Any CPU
		{35160C49-72D9-4D84-BA4C-C7B7C9122E70}.Release|iPhone.Build.0 = Release|Any CPU
		{35160C49-72D9-4D84-BA4C-C7B7C9122E70}.Release|iPhoneSimulator.ActiveCfg = Release|Any CPU
		{35160C49-72D9-4D84-BA4C-C7B7C9122E70}.Release|iPhoneSimulator.Build.0 = Release|Any CPU
		{5CFE2807-3155-4B62-BDBF-B6069694B7B7}.AppStore|Any CPU.ActiveCfg = Release|Any CPU
		{5CFE2807-3155-4B62-BDBF-B6069694B7B7}.AppStore|iPhone.ActiveCfg = Release|Any CPU
		{5CFE2807-3155-4B62-BDBF-B6069694B7B7}.AppStore|iPhoneSimulator.ActiveCfg = Release|Any CPU
		{5CFE2807-3155-4B62-BDBF-B6069694B7B7}.AppVeyor|Any CPU.ActiveCfg = Release|Any CPU
		{5CFE2807-3155-4B62-BDBF-B6069694B7B7}.AppVeyor|iPhone.ActiveCfg = Release|Any CPU
		{5CFE2807-3155-4B62-BDBF-B6069694B7B7}.AppVeyor|iPhoneSimulator.ActiveCfg = Release|Any CPU
		{5CFE2807-3155-4B62-BDBF-B6069694B7B7}.Debug|Any CPU.ActiveCfg = Debug|Any CPU
		{5CFE2807-3155-4B62-BDBF-B6069694B7B7}.Debug|iPhone.ActiveCfg = Debug|Any CPU
		{5CFE2807-3155-4B62-BDBF-B6069694B7B7}.Debug|iPhoneSimulator.ActiveCfg = Debug|Any CPU
		{5CFE2807-3155-4B62-BDBF-B6069694B7B7}.Release|Any CPU.ActiveCfg = Release|Any CPU
		{5CFE2807-3155-4B62-BDBF-B6069694B7B7}.Release|iPhone.ActiveCfg = Release|Any CPU
		{5CFE2807-3155-4B62-BDBF-B6069694B7B7}.Release|iPhoneSimulator.ActiveCfg = Release|Any CPU
		{6725DF12-3838-46E5-892E-DCA6E45C1565}.AppStore|Any CPU.ActiveCfg = Release|Any CPU
		{6725DF12-3838-46E5-892E-DCA6E45C1565}.AppStore|iPhone.ActiveCfg = Release|Any CPU
		{6725DF12-3838-46E5-892E-DCA6E45C1565}.AppStore|iPhoneSimulator.ActiveCfg = Release|Any CPU
		{6725DF12-3838-46E5-892E-DCA6E45C1565}.AppVeyor|Any CPU.ActiveCfg = Release|Any CPU
		{6725DF12-3838-46E5-892E-DCA6E45C1565}.AppVeyor|iPhone.ActiveCfg = Release|Any CPU
		{6725DF12-3838-46E5-892E-DCA6E45C1565}.AppVeyor|iPhoneSimulator.ActiveCfg = Release|Any CPU
		{6725DF12-3838-46E5-892E-DCA6E45C1565}.Debug|Any CPU.ActiveCfg = Debug|Any CPU
		{6725DF12-3838-46E5-892E-DCA6E45C1565}.Debug|iPhone.ActiveCfg = Debug|Any CPU
		{6725DF12-3838-46E5-892E-DCA6E45C1565}.Debug|iPhoneSimulator.ActiveCfg = Debug|Any CPU
		{6725DF12-3838-46E5-892E-DCA6E45C1565}.Release|Any CPU.ActiveCfg = Release|Any CPU
		{6725DF12-3838-46E5-892E-DCA6E45C1565}.Release|iPhone.ActiveCfg = Release|Any CPU
		{6725DF12-3838-46E5-892E-DCA6E45C1565}.Release|iPhoneSimulator.ActiveCfg = Release|Any CPU
		{4E10738A-790E-4466-8168-1EE46D1D2743}.AppStore|Any CPU.ActiveCfg = Release|Any CPU
		{4E10738A-790E-4466-8168-1EE46D1D2743}.AppStore|Any CPU.Build.0 = Release|Any CPU
		{4E10738A-790E-4466-8168-1EE46D1D2743}.AppStore|iPhone.ActiveCfg = Release|Any CPU
		{4E10738A-790E-4466-8168-1EE46D1D2743}.AppStore|iPhone.Build.0 = Release|Any CPU
		{4E10738A-790E-4466-8168-1EE46D1D2743}.AppStore|iPhoneSimulator.ActiveCfg = Release|Any CPU
		{4E10738A-790E-4466-8168-1EE46D1D2743}.AppStore|iPhoneSimulator.Build.0 = Release|Any CPU
		{4E10738A-790E-4466-8168-1EE46D1D2743}.AppVeyor|Any CPU.ActiveCfg = Release|Any CPU
		{4E10738A-790E-4466-8168-1EE46D1D2743}.AppVeyor|Any CPU.Build.0 = Release|Any CPU
		{4E10738A-790E-4466-8168-1EE46D1D2743}.AppVeyor|iPhone.ActiveCfg = Release|Any CPU
		{4E10738A-790E-4466-8168-1EE46D1D2743}.AppVeyor|iPhone.Build.0 = Release|Any CPU
		{4E10738A-790E-4466-8168-1EE46D1D2743}.AppVeyor|iPhoneSimulator.ActiveCfg = Release|Any CPU
		{4E10738A-790E-4466-8168-1EE46D1D2743}.AppVeyor|iPhoneSimulator.Build.0 = Release|Any CPU
		{4E10738A-790E-4466-8168-1EE46D1D2743}.Debug|Any CPU.ActiveCfg = Debug|Any CPU
		{4E10738A-790E-4466-8168-1EE46D1D2743}.Debug|Any CPU.Build.0 = Debug|Any CPU
		{4E10738A-790E-4466-8168-1EE46D1D2743}.Debug|iPhone.ActiveCfg = Debug|Any CPU
		{4E10738A-790E-4466-8168-1EE46D1D2743}.Debug|iPhone.Build.0 = Debug|Any CPU
		{4E10738A-790E-4466-8168-1EE46D1D2743}.Debug|iPhoneSimulator.ActiveCfg = Debug|Any CPU
		{4E10738A-790E-4466-8168-1EE46D1D2743}.Debug|iPhoneSimulator.Build.0 = Debug|Any CPU
		{4E10738A-790E-4466-8168-1EE46D1D2743}.Release|Any CPU.ActiveCfg = Release|Any CPU
		{4E10738A-790E-4466-8168-1EE46D1D2743}.Release|Any CPU.Build.0 = Release|Any CPU
		{4E10738A-790E-4466-8168-1EE46D1D2743}.Release|iPhone.ActiveCfg = Release|Any CPU
		{4E10738A-790E-4466-8168-1EE46D1D2743}.Release|iPhone.Build.0 = Release|Any CPU
		{4E10738A-790E-4466-8168-1EE46D1D2743}.Release|iPhoneSimulator.ActiveCfg = Release|Any CPU
		{4E10738A-790E-4466-8168-1EE46D1D2743}.Release|iPhoneSimulator.Build.0 = Release|Any CPU
		{F22008C9-1D99-4BEE-93E2-88E2CF5EE938}.AppStore|Any CPU.ActiveCfg = Release|Any CPU
		{F22008C9-1D99-4BEE-93E2-88E2CF5EE938}.AppStore|Any CPU.Build.0 = Release|Any CPU
		{F22008C9-1D99-4BEE-93E2-88E2CF5EE938}.AppStore|iPhone.ActiveCfg = Release|Any CPU
		{F22008C9-1D99-4BEE-93E2-88E2CF5EE938}.AppStore|iPhone.Build.0 = Release|Any CPU
		{F22008C9-1D99-4BEE-93E2-88E2CF5EE938}.AppStore|iPhoneSimulator.ActiveCfg = Release|Any CPU
		{F22008C9-1D99-4BEE-93E2-88E2CF5EE938}.AppStore|iPhoneSimulator.Build.0 = Release|Any CPU
		{F22008C9-1D99-4BEE-93E2-88E2CF5EE938}.AppVeyor|Any CPU.ActiveCfg = Release|Any CPU
		{F22008C9-1D99-4BEE-93E2-88E2CF5EE938}.AppVeyor|Any CPU.Build.0 = Release|Any CPU
		{F22008C9-1D99-4BEE-93E2-88E2CF5EE938}.AppVeyor|iPhone.ActiveCfg = Release|Any CPU
		{F22008C9-1D99-4BEE-93E2-88E2CF5EE938}.AppVeyor|iPhone.Build.0 = Release|Any CPU
		{F22008C9-1D99-4BEE-93E2-88E2CF5EE938}.AppVeyor|iPhoneSimulator.ActiveCfg = Release|Any CPU
		{F22008C9-1D99-4BEE-93E2-88E2CF5EE938}.AppVeyor|iPhoneSimulator.Build.0 = Release|Any CPU
		{F22008C9-1D99-4BEE-93E2-88E2CF5EE938}.Debug|Any CPU.ActiveCfg = Debug|Any CPU
		{F22008C9-1D99-4BEE-93E2-88E2CF5EE938}.Debug|Any CPU.Build.0 = Debug|Any CPU
		{F22008C9-1D99-4BEE-93E2-88E2CF5EE938}.Debug|iPhone.ActiveCfg = Debug|Any CPU
		{F22008C9-1D99-4BEE-93E2-88E2CF5EE938}.Debug|iPhone.Build.0 = Debug|Any CPU
		{F22008C9-1D99-4BEE-93E2-88E2CF5EE938}.Debug|iPhoneSimulator.ActiveCfg = Debug|Any CPU
		{F22008C9-1D99-4BEE-93E2-88E2CF5EE938}.Debug|iPhoneSimulator.Build.0 = Debug|Any CPU
		{F22008C9-1D99-4BEE-93E2-88E2CF5EE938}.Release|Any CPU.ActiveCfg = Release|Any CPU
		{F22008C9-1D99-4BEE-93E2-88E2CF5EE938}.Release|Any CPU.Build.0 = Release|Any CPU
		{F22008C9-1D99-4BEE-93E2-88E2CF5EE938}.Release|iPhone.ActiveCfg = Release|Any CPU
		{F22008C9-1D99-4BEE-93E2-88E2CF5EE938}.Release|iPhone.Build.0 = Release|Any CPU
		{F22008C9-1D99-4BEE-93E2-88E2CF5EE938}.Release|iPhoneSimulator.ActiveCfg = Release|Any CPU
		{F22008C9-1D99-4BEE-93E2-88E2CF5EE938}.Release|iPhoneSimulator.Build.0 = Release|Any CPU
		{47B66599-E6F8-46A1-9731-05A099A04FC3}.AppStore|Any CPU.ActiveCfg = Release|Any CPU
		{47B66599-E6F8-46A1-9731-05A099A04FC3}.AppStore|Any CPU.Build.0 = Release|Any CPU
		{47B66599-E6F8-46A1-9731-05A099A04FC3}.AppStore|iPhone.ActiveCfg = Release|Any CPU
		{47B66599-E6F8-46A1-9731-05A099A04FC3}.AppStore|iPhone.Build.0 = Release|Any CPU
		{47B66599-E6F8-46A1-9731-05A099A04FC3}.AppStore|iPhoneSimulator.ActiveCfg = Release|Any CPU
		{47B66599-E6F8-46A1-9731-05A099A04FC3}.AppStore|iPhoneSimulator.Build.0 = Release|Any CPU
		{47B66599-E6F8-46A1-9731-05A099A04FC3}.AppVeyor|Any CPU.ActiveCfg = Release|Any CPU
		{47B66599-E6F8-46A1-9731-05A099A04FC3}.AppVeyor|Any CPU.Build.0 = Release|Any CPU
		{47B66599-E6F8-46A1-9731-05A099A04FC3}.AppVeyor|iPhone.ActiveCfg = Release|Any CPU
		{47B66599-E6F8-46A1-9731-05A099A04FC3}.AppVeyor|iPhone.Build.0 = Release|Any CPU
		{47B66599-E6F8-46A1-9731-05A099A04FC3}.AppVeyor|iPhoneSimulator.ActiveCfg = Release|Any CPU
		{47B66599-E6F8-46A1-9731-05A099A04FC3}.AppVeyor|iPhoneSimulator.Build.0 = Release|Any CPU
		{47B66599-E6F8-46A1-9731-05A099A04FC3}.Debug|Any CPU.ActiveCfg = Debug|Any CPU
		{47B66599-E6F8-46A1-9731-05A099A04FC3}.Debug|Any CPU.Build.0 = Debug|Any CPU
		{47B66599-E6F8-46A1-9731-05A099A04FC3}.Debug|iPhone.ActiveCfg = Debug|Any CPU
		{47B66599-E6F8-46A1-9731-05A099A04FC3}.Debug|iPhone.Build.0 = Debug|Any CPU
		{47B66599-E6F8-46A1-9731-05A099A04FC3}.Debug|iPhoneSimulator.ActiveCfg = Debug|Any CPU
		{47B66599-E6F8-46A1-9731-05A099A04FC3}.Debug|iPhoneSimulator.Build.0 = Debug|Any CPU
		{47B66599-E6F8-46A1-9731-05A099A04FC3}.Release|Any CPU.ActiveCfg = Release|Any CPU
		{47B66599-E6F8-46A1-9731-05A099A04FC3}.Release|Any CPU.Build.0 = Release|Any CPU
		{47B66599-E6F8-46A1-9731-05A099A04FC3}.Release|iPhone.ActiveCfg = Release|Any CPU
		{47B66599-E6F8-46A1-9731-05A099A04FC3}.Release|iPhone.Build.0 = Release|Any CPU
		{47B66599-E6F8-46A1-9731-05A099A04FC3}.Release|iPhoneSimulator.ActiveCfg = Release|Any CPU
		{47B66599-E6F8-46A1-9731-05A099A04FC3}.Release|iPhoneSimulator.Build.0 = Release|Any CPU
		{5E320BE2-378D-41AC-9B92-2E7380A065AE}.AppStore|Any CPU.ActiveCfg = Release|Any CPU
		{5E320BE2-378D-41AC-9B92-2E7380A065AE}.AppStore|Any CPU.Build.0 = Release|Any CPU
		{5E320BE2-378D-41AC-9B92-2E7380A065AE}.AppStore|iPhone.ActiveCfg = Release|Any CPU
		{5E320BE2-378D-41AC-9B92-2E7380A065AE}.AppStore|iPhone.Build.0 = Release|Any CPU
		{5E320BE2-378D-41AC-9B92-2E7380A065AE}.AppStore|iPhoneSimulator.ActiveCfg = Release|Any CPU
		{5E320BE2-378D-41AC-9B92-2E7380A065AE}.AppStore|iPhoneSimulator.Build.0 = Release|Any CPU
		{5E320BE2-378D-41AC-9B92-2E7380A065AE}.AppVeyor|Any CPU.ActiveCfg = Release|Any CPU
		{5E320BE2-378D-41AC-9B92-2E7380A065AE}.AppVeyor|Any CPU.Build.0 = Release|Any CPU
		{5E320BE2-378D-41AC-9B92-2E7380A065AE}.AppVeyor|iPhone.ActiveCfg = Release|Any CPU
		{5E320BE2-378D-41AC-9B92-2E7380A065AE}.AppVeyor|iPhone.Build.0 = Release|Any CPU
		{5E320BE2-378D-41AC-9B92-2E7380A065AE}.AppVeyor|iPhoneSimulator.ActiveCfg = Release|Any CPU
		{5E320BE2-378D-41AC-9B92-2E7380A065AE}.AppVeyor|iPhoneSimulator.Build.0 = Release|Any CPU
		{5E320BE2-378D-41AC-9B92-2E7380A065AE}.Debug|Any CPU.ActiveCfg = Debug|Any CPU
		{5E320BE2-378D-41AC-9B92-2E7380A065AE}.Debug|Any CPU.Build.0 = Debug|Any CPU
		{5E320BE2-378D-41AC-9B92-2E7380A065AE}.Debug|iPhone.ActiveCfg = Debug|Any CPU
		{5E320BE2-378D-41AC-9B92-2E7380A065AE}.Debug|iPhone.Build.0 = Debug|Any CPU
		{5E320BE2-378D-41AC-9B92-2E7380A065AE}.Debug|iPhoneSimulator.ActiveCfg = Debug|Any CPU
		{5E320BE2-378D-41AC-9B92-2E7380A065AE}.Debug|iPhoneSimulator.Build.0 = Debug|Any CPU
		{5E320BE2-378D-41AC-9B92-2E7380A065AE}.Release|Any CPU.ActiveCfg = Release|Any CPU
		{5E320BE2-378D-41AC-9B92-2E7380A065AE}.Release|Any CPU.Build.0 = Release|Any CPU
		{5E320BE2-378D-41AC-9B92-2E7380A065AE}.Release|iPhone.ActiveCfg = Release|Any CPU
		{5E320BE2-378D-41AC-9B92-2E7380A065AE}.Release|iPhone.Build.0 = Release|Any CPU
		{5E320BE2-378D-41AC-9B92-2E7380A065AE}.Release|iPhoneSimulator.ActiveCfg = Release|Any CPU
		{5E320BE2-378D-41AC-9B92-2E7380A065AE}.Release|iPhoneSimulator.Build.0 = Release|Any CPU
		{1727067D-84CC-460F-B301-31356F699EF4}.AppStore|Any CPU.ActiveCfg = Release|Any CPU
		{1727067D-84CC-460F-B301-31356F699EF4}.AppStore|Any CPU.Build.0 = Release|Any CPU
		{1727067D-84CC-460F-B301-31356F699EF4}.AppStore|iPhone.ActiveCfg = Release|Any CPU
		{1727067D-84CC-460F-B301-31356F699EF4}.AppStore|iPhone.Build.0 = Release|Any CPU
		{1727067D-84CC-460F-B301-31356F699EF4}.AppStore|iPhoneSimulator.ActiveCfg = Release|Any CPU
		{1727067D-84CC-460F-B301-31356F699EF4}.AppStore|iPhoneSimulator.Build.0 = Release|Any CPU
		{1727067D-84CC-460F-B301-31356F699EF4}.AppVeyor|Any CPU.ActiveCfg = Release|Any CPU
		{1727067D-84CC-460F-B301-31356F699EF4}.AppVeyor|Any CPU.Build.0 = Release|Any CPU
		{1727067D-84CC-460F-B301-31356F699EF4}.AppVeyor|iPhone.ActiveCfg = Release|Any CPU
		{1727067D-84CC-460F-B301-31356F699EF4}.AppVeyor|iPhone.Build.0 = Release|Any CPU
		{1727067D-84CC-460F-B301-31356F699EF4}.AppVeyor|iPhoneSimulator.ActiveCfg = Release|Any CPU
		{1727067D-84CC-460F-B301-31356F699EF4}.AppVeyor|iPhoneSimulator.Build.0 = Release|Any CPU
		{1727067D-84CC-460F-B301-31356F699EF4}.Debug|Any CPU.ActiveCfg = Debug|Any CPU
		{1727067D-84CC-460F-B301-31356F699EF4}.Debug|Any CPU.Build.0 = Debug|Any CPU
		{1727067D-84CC-460F-B301-31356F699EF4}.Debug|iPhone.ActiveCfg = Debug|Any CPU
		{1727067D-84CC-460F-B301-31356F699EF4}.Debug|iPhone.Build.0 = Debug|Any CPU
		{1727067D-84CC-460F-B301-31356F699EF4}.Debug|iPhoneSimulator.ActiveCfg = Debug|Any CPU
		{1727067D-84CC-460F-B301-31356F699EF4}.Debug|iPhoneSimulator.Build.0 = Debug|Any CPU
		{1727067D-84CC-460F-B301-31356F699EF4}.Release|Any CPU.ActiveCfg = Release|Any CPU
		{1727067D-84CC-460F-B301-31356F699EF4}.Release|Any CPU.Build.0 = Release|Any CPU
		{1727067D-84CC-460F-B301-31356F699EF4}.Release|iPhone.ActiveCfg = Release|Any CPU
		{1727067D-84CC-460F-B301-31356F699EF4}.Release|iPhone.Build.0 = Release|Any CPU
		{1727067D-84CC-460F-B301-31356F699EF4}.Release|iPhoneSimulator.ActiveCfg = Release|Any CPU
		{1727067D-84CC-460F-B301-31356F699EF4}.Release|iPhoneSimulator.Build.0 = Release|Any CPU
		{52735DEE-D72A-4062-955C-A0E345DE38CA}.AppStore|Any CPU.ActiveCfg = Release|Any CPU
		{52735DEE-D72A-4062-955C-A0E345DE38CA}.AppStore|Any CPU.Build.0 = Release|Any CPU
		{52735DEE-D72A-4062-955C-A0E345DE38CA}.AppStore|iPhone.ActiveCfg = Release|Any CPU
		{52735DEE-D72A-4062-955C-A0E345DE38CA}.AppStore|iPhone.Build.0 = Release|Any CPU
		{52735DEE-D72A-4062-955C-A0E345DE38CA}.AppStore|iPhoneSimulator.ActiveCfg = Release|Any CPU
		{52735DEE-D72A-4062-955C-A0E345DE38CA}.AppStore|iPhoneSimulator.Build.0 = Release|Any CPU
		{52735DEE-D72A-4062-955C-A0E345DE38CA}.AppVeyor|Any CPU.ActiveCfg = Release|Any CPU
		{52735DEE-D72A-4062-955C-A0E345DE38CA}.AppVeyor|Any CPU.Build.0 = Release|Any CPU
		{52735DEE-D72A-4062-955C-A0E345DE38CA}.AppVeyor|iPhone.ActiveCfg = Release|Any CPU
		{52735DEE-D72A-4062-955C-A0E345DE38CA}.AppVeyor|iPhone.Build.0 = Release|Any CPU
		{52735DEE-D72A-4062-955C-A0E345DE38CA}.AppVeyor|iPhoneSimulator.ActiveCfg = Release|Any CPU
		{52735DEE-D72A-4062-955C-A0E345DE38CA}.AppVeyor|iPhoneSimulator.Build.0 = Release|Any CPU
		{52735DEE-D72A-4062-955C-A0E345DE38CA}.Debug|Any CPU.ActiveCfg = Debug|Any CPU
		{52735DEE-D72A-4062-955C-A0E345DE38CA}.Debug|Any CPU.Build.0 = Debug|Any CPU
		{52735DEE-D72A-4062-955C-A0E345DE38CA}.Debug|iPhone.ActiveCfg = Debug|Any CPU
		{52735DEE-D72A-4062-955C-A0E345DE38CA}.Debug|iPhone.Build.0 = Debug|Any CPU
		{52735DEE-D72A-4062-955C-A0E345DE38CA}.Debug|iPhoneSimulator.ActiveCfg = Debug|Any CPU
		{52735DEE-D72A-4062-955C-A0E345DE38CA}.Debug|iPhoneSimulator.Build.0 = Debug|Any CPU
		{52735DEE-D72A-4062-955C-A0E345DE38CA}.Release|Any CPU.ActiveCfg = Release|Any CPU
		{52735DEE-D72A-4062-955C-A0E345DE38CA}.Release|Any CPU.Build.0 = Release|Any CPU
		{52735DEE-D72A-4062-955C-A0E345DE38CA}.Release|iPhone.ActiveCfg = Release|Any CPU
		{52735DEE-D72A-4062-955C-A0E345DE38CA}.Release|iPhone.Build.0 = Release|Any CPU
		{52735DEE-D72A-4062-955C-A0E345DE38CA}.Release|iPhoneSimulator.ActiveCfg = Release|Any CPU
		{52735DEE-D72A-4062-955C-A0E345DE38CA}.Release|iPhoneSimulator.Build.0 = Release|Any CPU
		{3112A258-4D51-4C9F-8ACB-640AE351EE01}.AppStore|Any CPU.ActiveCfg = Release|Any CPU
		{3112A258-4D51-4C9F-8ACB-640AE351EE01}.AppStore|Any CPU.Build.0 = Release|Any CPU
		{3112A258-4D51-4C9F-8ACB-640AE351EE01}.AppStore|iPhone.ActiveCfg = Release|Any CPU
		{3112A258-4D51-4C9F-8ACB-640AE351EE01}.AppStore|iPhone.Build.0 = Release|Any CPU
		{3112A258-4D51-4C9F-8ACB-640AE351EE01}.AppStore|iPhoneSimulator.ActiveCfg = Release|Any CPU
		{3112A258-4D51-4C9F-8ACB-640AE351EE01}.AppStore|iPhoneSimulator.Build.0 = Release|Any CPU
		{3112A258-4D51-4C9F-8ACB-640AE351EE01}.AppVeyor|Any CPU.ActiveCfg = Release|Any CPU
		{3112A258-4D51-4C9F-8ACB-640AE351EE01}.AppVeyor|Any CPU.Build.0 = Release|Any CPU
		{3112A258-4D51-4C9F-8ACB-640AE351EE01}.AppVeyor|iPhone.ActiveCfg = Release|Any CPU
		{3112A258-4D51-4C9F-8ACB-640AE351EE01}.AppVeyor|iPhone.Build.0 = Release|Any CPU
		{3112A258-4D51-4C9F-8ACB-640AE351EE01}.AppVeyor|iPhoneSimulator.ActiveCfg = Release|Any CPU
		{3112A258-4D51-4C9F-8ACB-640AE351EE01}.AppVeyor|iPhoneSimulator.Build.0 = Release|Any CPU
		{3112A258-4D51-4C9F-8ACB-640AE351EE01}.Debug|Any CPU.ActiveCfg = Debug|Any CPU
		{3112A258-4D51-4C9F-8ACB-640AE351EE01}.Debug|Any CPU.Build.0 = Debug|Any CPU
		{3112A258-4D51-4C9F-8ACB-640AE351EE01}.Debug|iPhone.ActiveCfg = Debug|Any CPU
		{3112A258-4D51-4C9F-8ACB-640AE351EE01}.Debug|iPhone.Build.0 = Debug|Any CPU
		{3112A258-4D51-4C9F-8ACB-640AE351EE01}.Debug|iPhoneSimulator.ActiveCfg = Debug|Any CPU
		{3112A258-4D51-4C9F-8ACB-640AE351EE01}.Debug|iPhoneSimulator.Build.0 = Debug|Any CPU
		{3112A258-4D51-4C9F-8ACB-640AE351EE01}.Release|Any CPU.ActiveCfg = Release|Any CPU
		{3112A258-4D51-4C9F-8ACB-640AE351EE01}.Release|Any CPU.Build.0 = Release|Any CPU
		{3112A258-4D51-4C9F-8ACB-640AE351EE01}.Release|iPhone.ActiveCfg = Release|Any CPU
		{3112A258-4D51-4C9F-8ACB-640AE351EE01}.Release|iPhone.Build.0 = Release|Any CPU
		{3112A258-4D51-4C9F-8ACB-640AE351EE01}.Release|iPhoneSimulator.ActiveCfg = Release|Any CPU
		{3112A258-4D51-4C9F-8ACB-640AE351EE01}.Release|iPhoneSimulator.Build.0 = Release|Any CPU
		{8065EC68-7945-49E2-8774-20F9F01ED49C}.AppStore|Any CPU.ActiveCfg = Release|Any CPU
		{8065EC68-7945-49E2-8774-20F9F01ED49C}.AppStore|Any CPU.Build.0 = Release|Any CPU
		{8065EC68-7945-49E2-8774-20F9F01ED49C}.AppStore|iPhone.ActiveCfg = Release|Any CPU
		{8065EC68-7945-49E2-8774-20F9F01ED49C}.AppStore|iPhone.Build.0 = Release|Any CPU
		{8065EC68-7945-49E2-8774-20F9F01ED49C}.AppStore|iPhoneSimulator.ActiveCfg = Release|Any CPU
		{8065EC68-7945-49E2-8774-20F9F01ED49C}.AppStore|iPhoneSimulator.Build.0 = Release|Any CPU
		{8065EC68-7945-49E2-8774-20F9F01ED49C}.AppVeyor|Any CPU.ActiveCfg = Release|Any CPU
		{8065EC68-7945-49E2-8774-20F9F01ED49C}.AppVeyor|Any CPU.Build.0 = Release|Any CPU
		{8065EC68-7945-49E2-8774-20F9F01ED49C}.AppVeyor|iPhone.ActiveCfg = Release|Any CPU
		{8065EC68-7945-49E2-8774-20F9F01ED49C}.AppVeyor|iPhone.Build.0 = Release|Any CPU
		{8065EC68-7945-49E2-8774-20F9F01ED49C}.AppVeyor|iPhoneSimulator.ActiveCfg = Release|Any CPU
		{8065EC68-7945-49E2-8774-20F9F01ED49C}.AppVeyor|iPhoneSimulator.Build.0 = Release|Any CPU
		{8065EC68-7945-49E2-8774-20F9F01ED49C}.Debug|Any CPU.ActiveCfg = Debug|Any CPU
		{8065EC68-7945-49E2-8774-20F9F01ED49C}.Debug|Any CPU.Build.0 = Debug|Any CPU
		{8065EC68-7945-49E2-8774-20F9F01ED49C}.Debug|iPhone.ActiveCfg = Debug|Any CPU
		{8065EC68-7945-49E2-8774-20F9F01ED49C}.Debug|iPhone.Build.0 = Debug|Any CPU
		{8065EC68-7945-49E2-8774-20F9F01ED49C}.Debug|iPhoneSimulator.ActiveCfg = Debug|Any CPU
		{8065EC68-7945-49E2-8774-20F9F01ED49C}.Debug|iPhoneSimulator.Build.0 = Debug|Any CPU
		{8065EC68-7945-49E2-8774-20F9F01ED49C}.Release|Any CPU.ActiveCfg = Release|Any CPU
		{8065EC68-7945-49E2-8774-20F9F01ED49C}.Release|Any CPU.Build.0 = Release|Any CPU
		{8065EC68-7945-49E2-8774-20F9F01ED49C}.Release|iPhone.ActiveCfg = Release|Any CPU
		{8065EC68-7945-49E2-8774-20F9F01ED49C}.Release|iPhone.Build.0 = Release|Any CPU
		{8065EC68-7945-49E2-8774-20F9F01ED49C}.Release|iPhoneSimulator.ActiveCfg = Release|Any CPU
		{8065EC68-7945-49E2-8774-20F9F01ED49C}.Release|iPhoneSimulator.Build.0 = Release|Any CPU
		{7D9DECD3-56A0-465D-93FD-20EDEA45045C}.AppStore|Any CPU.ActiveCfg = Release|Any CPU
		{7D9DECD3-56A0-465D-93FD-20EDEA45045C}.AppStore|Any CPU.Build.0 = Release|Any CPU
		{7D9DECD3-56A0-465D-93FD-20EDEA45045C}.AppStore|iPhone.ActiveCfg = Release|Any CPU
		{7D9DECD3-56A0-465D-93FD-20EDEA45045C}.AppStore|iPhone.Build.0 = Release|Any CPU
		{7D9DECD3-56A0-465D-93FD-20EDEA45045C}.AppStore|iPhoneSimulator.ActiveCfg = Release|Any CPU
		{7D9DECD3-56A0-465D-93FD-20EDEA45045C}.AppStore|iPhoneSimulator.Build.0 = Release|Any CPU
		{7D9DECD3-56A0-465D-93FD-20EDEA45045C}.AppVeyor|Any CPU.ActiveCfg = Release|Any CPU
		{7D9DECD3-56A0-465D-93FD-20EDEA45045C}.AppVeyor|Any CPU.Build.0 = Release|Any CPU
		{7D9DECD3-56A0-465D-93FD-20EDEA45045C}.AppVeyor|iPhone.ActiveCfg = Release|Any CPU
		{7D9DECD3-56A0-465D-93FD-20EDEA45045C}.AppVeyor|iPhone.Build.0 = Release|Any CPU
		{7D9DECD3-56A0-465D-93FD-20EDEA45045C}.AppVeyor|iPhoneSimulator.ActiveCfg = Release|Any CPU
		{7D9DECD3-56A0-465D-93FD-20EDEA45045C}.AppVeyor|iPhoneSimulator.Build.0 = Release|Any CPU
		{7D9DECD3-56A0-465D-93FD-20EDEA45045C}.Debug|Any CPU.ActiveCfg = Debug|Any CPU
		{7D9DECD3-56A0-465D-93FD-20EDEA45045C}.Debug|Any CPU.Build.0 = Debug|Any CPU
		{7D9DECD3-56A0-465D-93FD-20EDEA45045C}.Debug|iPhone.ActiveCfg = Debug|Any CPU
		{7D9DECD3-56A0-465D-93FD-20EDEA45045C}.Debug|iPhone.Build.0 = Debug|Any CPU
		{7D9DECD3-56A0-465D-93FD-20EDEA45045C}.Debug|iPhoneSimulator.ActiveCfg = Debug|Any CPU
		{7D9DECD3-56A0-465D-93FD-20EDEA45045C}.Debug|iPhoneSimulator.Build.0 = Debug|Any CPU
		{7D9DECD3-56A0-465D-93FD-20EDEA45045C}.Release|Any CPU.ActiveCfg = Release|Any CPU
		{7D9DECD3-56A0-465D-93FD-20EDEA45045C}.Release|Any CPU.Build.0 = Release|Any CPU
		{7D9DECD3-56A0-465D-93FD-20EDEA45045C}.Release|iPhone.ActiveCfg = Release|Any CPU
		{7D9DECD3-56A0-465D-93FD-20EDEA45045C}.Release|iPhone.Build.0 = Release|Any CPU
		{7D9DECD3-56A0-465D-93FD-20EDEA45045C}.Release|iPhoneSimulator.ActiveCfg = Release|Any CPU
		{7D9DECD3-56A0-465D-93FD-20EDEA45045C}.Release|iPhoneSimulator.Build.0 = Release|Any CPU
	EndGlobalSection
	GlobalSection(SolutionProperties) = preSolution
		HideSolutionNode = FALSE
	EndGlobalSection
	GlobalSection(NestedProjects) = preSolution
		{A064AE93-C162-4EC6-9448-1C37E2120B0F} = {183F3E1E-59CB-4250-8E50-213FE0CECC3F}
		{F0E55C33-161D-47FD-88D5-A403B636166E} = {183F3E1E-59CB-4250-8E50-213FE0CECC3F}
		{5E3C75B9-892B-4943-AAF0-7AF3B24C8975} = {183F3E1E-59CB-4250-8E50-213FE0CECC3F}
		{28C69965-1969-4B3A-9682-ED589D00054A} = {183F3E1E-59CB-4250-8E50-213FE0CECC3F}
		{35160C49-72D9-4D84-BA4C-C7B7C9122E70} = {183F3E1E-59CB-4250-8E50-213FE0CECC3F}
		{5CFE2807-3155-4B62-BDBF-B6069694B7B7} = {00FE9233-D69D-4940-B9E4-495A311A3121}
		{6725DF12-3838-46E5-892E-DCA6E45C1565} = {00FE9233-D69D-4940-B9E4-495A311A3121}
		{4E10738A-790E-4466-8168-1EE46D1D2743} = {183F3E1E-59CB-4250-8E50-213FE0CECC3F}
		{19C4129B-3C8C-4C95-9D91-422A995F3742} = {1015446B-EA28-4194-BE56-F33C19386453}
		{F22008C9-1D99-4BEE-93E2-88E2CF5EE938} = {19C4129B-3C8C-4C95-9D91-422A995F3742}
		{47B66599-E6F8-46A1-9731-05A099A04FC3} = {19C4129B-3C8C-4C95-9D91-422A995F3742}
		{5E320BE2-378D-41AC-9B92-2E7380A065AE} = {19C4129B-3C8C-4C95-9D91-422A995F3742}
		{1727067D-84CC-460F-B301-31356F699EF4} = {19C4129B-3C8C-4C95-9D91-422A995F3742}
		{52735DEE-D72A-4062-955C-A0E345DE38CA} = {19C4129B-3C8C-4C95-9D91-422A995F3742}
		{3112A258-4D51-4C9F-8ACB-640AE351EE01} = {19C4129B-3C8C-4C95-9D91-422A995F3742}
		{183F3E1E-59CB-4250-8E50-213FE0CECC3F} = {1015446B-EA28-4194-BE56-F33C19386453}
	EndGlobalSection
EndGlobal
